
Microsoft Visual Studio Solution File, Format Version 12.00
# Visual Studio 14
VisualStudioVersion = 14.0.25420.1
MinimumVisualStudioVersion = 10.0.40219.1
Project("{2150E333-8FDC-42A3-9474-1A3956D46DE8}") = "hookEx", "hookEx", "{951747C5-EA19-4910-BDA7-B9291FF9541A}"
EndProject
Project("{2150E333-8FDC-42A3-9474-1A3956D46DE8}") = "DLLInjection", "DLLInjection", "{D439BB08-A4B6-45A7-968B-BD980BCDC378}"
EndProject
Project("{2150E333-8FDC-42A3-9474-1A3956D46DE8}") = "Test", "Test", "{EDB153DE-5EE0-4252-A68C-B97D84E07481}"
EndProject
Global
	GlobalSection(SolutionProperties) = preSolution
		HideSolutionNode = FALSE
	EndGlobalSection
	GlobalSection(ExtensibilityGlobals) = postSolution
		SolutionGuid = {20A9CAC0-1189-4C6F-B1EC-505930EC7097}
	EndGlobalSection
EndGlobal
